
Microsoft Visual Studio Solution File, Format Version 12.00
# Visual Studio Version 17
VisualStudioVersion = 17.1.32210.238
MinimumVisualStudioVersion = 10.0.40219.1
Project("{FAE04EC0-301F-11D3-BF4B-00C04F79EFBC}") = "Exercise5", "Exercise5.csproj", "{73FB6CD1-0F11-4F1F-A9A9-F5C566F96437}"
EndProject
Global
	GlobalSection(SolutionConfigurationPlatforms) = preSolution
		Debug|Any CPU = Debug|Any CPU
		Release|Any CPU = Release|Any CPU
	EndGlobalSection
	GlobalSection(ProjectConfigurationPlatforms) = postSolution
		{73FB6CD1-0F11-4F1F-A9A9-F5C566F96437}.Debug|Any CPU.ActiveCfg = Debug|Any CPU
		{73FB6CD1-0F11-4F1F-A9A9-F5C566F96437}.Debug|Any CPU.Build.0 = Debug|Any CPU
		{73FB6CD1-0F11-4F1F-A9A9-F5C566F96437}.Release|Any CPU.ActiveCfg = Release|Any CPU
		{73FB6CD1-0F11-4F1F-A9A9-F5C566F96437}.Release|Any CPU.Build.0 = Release|Any CPU
	EndGlobalSection
	GlobalSection(SolutionProperties) = preSolution
		HideSolutionNode = FALSE
	EndGlobalSection
	GlobalSection(ExtensibilityGlobals) = postSolution
		SolutionGuid = {75D57A22-2C8E-4209-8BF6-ABE2E630D736}
	EndGlobalSection
EndGlobal
