
Microsoft Visual Studio Solution File, Format Version 12.00
# Visual Studio Version 17
VisualStudioVersion = 17.1.32210.238
MinimumVisualStudioVersion = 10.0.40219.1
Project("{FAE04EC0-301F-11D3-BF4B-00C04F79EFBC}") = "Exercise4", "Exercise4.csproj", "{83AA63B2-EB88-4607-9258-161FE839EF29}"
EndProject
Global
	GlobalSection(SolutionConfigurationPlatforms) = preSolution
		Debug|Any CPU = Debug|Any CPU
		Release|Any CPU = Release|Any CPU
	EndGlobalSection
	GlobalSection(ProjectConfigurationPlatforms) = postSolution
		{83AA63B2-EB88-4607-9258-161FE839EF29}.Debug|Any CPU.ActiveCfg = Debug|Any CPU
		{83AA63B2-EB88-4607-9258-161FE839EF29}.Debug|Any CPU.Build.0 = Debug|Any CPU
		{83AA63B2-EB88-4607-9258-161FE839EF29}.Release|Any CPU.ActiveCfg = Release|Any CPU
		{83AA63B2-EB88-4607-9258-161FE839EF29}.Release|Any CPU.Build.0 = Release|Any CPU
	EndGlobalSection
	GlobalSection(SolutionProperties) = preSolution
		HideSolutionNode = FALSE
	EndGlobalSection
	GlobalSection(ExtensibilityGlobals) = postSolution
		SolutionGuid = {39B46F5D-A11F-414A-A2D5-C2A0A581E510}
	EndGlobalSection
EndGlobal
