
Microsoft Visual Studio Solution File, Format Version 12.00
# Visual Studio Version 17
VisualStudioVersion = 17.1.32210.238
MinimumVisualStudioVersion = 10.0.40219.1
Project("{FAE04EC0-301F-11D3-BF4B-00C04F79EFBC}") = "Exercise5", "Exercise5.csproj", "{D52BB1E0-3FDF-41D9-891F-73326E05B2B1}"
EndProject
Global
	GlobalSection(SolutionConfigurationPlatforms) = preSolution
		Debug|Any CPU = Debug|Any CPU
		Release|Any CPU = Release|Any CPU
	EndGlobalSection
	GlobalSection(ProjectConfigurationPlatforms) = postSolution
		{D52BB1E0-3FDF-41D9-891F-73326E05B2B1}.Debug|Any CPU.ActiveCfg = Debug|Any CPU
		{D52BB1E0-3FDF-41D9-891F-73326E05B2B1}.Debug|Any CPU.Build.0 = Debug|Any CPU
		{D52BB1E0-3FDF-41D9-891F-73326E05B2B1}.Release|Any CPU.ActiveCfg = Release|Any CPU
		{D52BB1E0-3FDF-41D9-891F-73326E05B2B1}.Release|Any CPU.Build.0 = Release|Any CPU
	EndGlobalSection
	GlobalSection(SolutionProperties) = preSolution
		HideSolutionNode = FALSE
	EndGlobalSection
	GlobalSection(ExtensibilityGlobals) = postSolution
		SolutionGuid = {4F737D70-0DCC-4D9A-88DF-CB0A31FABA42}
	EndGlobalSection
EndGlobal
